
Microsoft Visual Studio Solution File, Format Version 12.00
# Visual Studio Version 17
VisualStudioVersion = 17.0.32112.339
MinimumVisualStudioVersion = 10.0.40219.1
Project("{FAE04EC0-301F-11D3-BF4B-00C04F79EFBC}") = "Aviasales", "Aviasales.csproj", "{37038B66-6756-488B-A961-3DF749FD763C}"
EndProject
Project("{FAE04EC0-301F-11D3-BF4B-00C04F79EFBC}") = "AvisalesModelsLib", "..\LibraryOfUserClasses\AvisalesModelsLib.csproj", "{02C0C2C0-9C62-434F-810D-58C18DB8A542}"
EndProject
Global
	GlobalSection(SolutionConfigurationPlatforms) = preSolution
		Debug|Any CPU = Debug|Any CPU
		Release|Any CPU = Release|Any CPU
	EndGlobalSection
	GlobalSection(ProjectConfigurationPlatforms) = postSolution
		{37038B66-6756-488B-A961-3DF749FD763C}.Debug|Any CPU.ActiveCfg = Debug|Any CPU
		{37038B66-6756-488B-A961-3DF749FD763C}.Debug|Any CPU.Build.0 = Debug|Any CPU
		{37038B66-6756-488B-A961-3DF749FD763C}.Release|Any CPU.ActiveCfg = Release|Any CPU
		{37038B66-6756-488B-A961-3DF749FD763C}.Release|Any CPU.Build.0 = Release|Any CPU
		{02C0C2C0-9C62-434F-810D-58C18DB8A542}.Debug|Any CPU.ActiveCfg = Debug|Any CPU
		{02C0C2C0-9C62-434F-810D-58C18DB8A542}.Debug|Any CPU.Build.0 = Debug|Any CPU
		{02C0C2C0-9C62-434F-810D-58C18DB8A542}.Release|Any CPU.ActiveCfg = Release|Any CPU
		{02C0C2C0-9C62-434F-810D-58C18DB8A542}.Release|Any CPU.Build.0 = Release|Any CPU
	EndGlobalSection
	GlobalSection(SolutionProperties) = preSolution
		HideSolutionNode = FALSE
	EndGlobalSection
	GlobalSection(ExtensibilityGlobals) = postSolution
		SolutionGuid = {5E50615A-62BE-4049-9F3D-C29CF8867982}
	EndGlobalSection
EndGlobal
